// !$*UTF8*$!
{
	archiveVersion = 1;
	classes = {
	};
	objectVersion = 45;
	objects = {

/* Begin PBXBuildFile section */
		1F0A7BCC10A7232D005E6F80 /* main.cpp in Sources */ = {isa = PBXBuildFile; fileRef = 1F0A7BB510A7232D005E6F80 /* main.cpp */; };
		1F0A7BCD10A7232D005E6F80 /* XMLConfigReader.cpp in Sources */ = {isa = PBXBuildFile; fileRef = 1F0A7BB710A7232D005E6F80 /* XMLConfigReader.cpp */; };
		1F0A7BCE10A7232D005E6F80 /* CsvReader.cpp in Sources */ = {isa = PBXBuildFile; fileRef = 1F0A7BBA10A7232D005E6F80 /* CsvReader.cpp */; };
		1F0A7BCF10A7232D005E6F80 /* Accumulator.cpp in Sources */ = {isa = PBXBuildFile; fileRef = 1F0A7BBD10A7232D005E6F80 /* Accumulator.cpp */; };
		1F0A7BD010A7232D005E6F80 /* AggregationColumn.cpp in Sources */ = {isa = PBXBuildFile; fileRef = 1F0A7BBF10A7232D005E6F80 /* AggregationColumn.cpp */; };
		1F0A7BD110A7232D005E6F80 /* OpenPivotContext.cpp in Sources */ = {isa = PBXBuildFile; fileRef = 1F0A7BC110A7232D005E6F80 /* OpenPivotContext.cpp */; };
		1F0A7BD210A7232D005E6F80 /* PivotTable.cpp in Sources */ = {isa = PBXBuildFile; fileRef = 1F0A7BC310A7232D005E6F80 /* PivotTable.cpp */; };
		1F0A7BD310A7232D005E6F80 /* Settings.cpp in Sources */ = {isa = PBXBuildFile; fileRef = 1F0A7BC510A7232D005E6F80 /* Settings.cpp */; };
		1F0A7BD410A7232D005E6F80 /* Utils.cpp in Sources */ = {isa = PBXBuildFile; fileRef = 1F0A7BC710A7232D005E6F80 /* Utils.cpp */; };
		1F0A7BD510A7232D005E6F80 /* CsvWriter.cpp in Sources */ = {isa = PBXBuildFile; fileRef = 1F0A7BCA10A7232D005E6F80 /* CsvWriter.cpp */; };
		1F8EF5BA10D3C704003EC4CB /* OptionParser.cpp in Sources */ = {isa = PBXBuildFile; fileRef = 1F8EF5B910D3C704003EC4CB /* OptionParser.cpp */; };
		8DD76F6A0486A84900D96B5E /* openpivot-Xcode.1 in CopyFiles */ = {isa = PBXBuildFile; fileRef = C6859E8B029090EE04C91782 /* openpivot-Xcode.1 */; };
/* End PBXBuildFile section */

/* Begin PBXCopyFilesBuildPhase section */
		8DD76F690486A84900D96B5E /* CopyFiles */ = {
			isa = PBXCopyFilesBuildPhase;
			buildActionMask = 8;
			dstPath = /usr/share/man/man1/;
			dstSubfolderSpec = 0;
			files = (
				8DD76F6A0486A84900D96B5E /* openpivot-Xcode.1 in CopyFiles */,
			);
			runOnlyForDeploymentPostprocessing = 1;
		};
/* End PBXCopyFilesBuildPhase section */

/* Begin PBXFileReference section */
		1F0A7BB510A7232D005E6F80 /* main.cpp */ = {isa = PBXFileReference; fileEncoding = 4; lastKnownFileType = sourcecode.cpp.cpp; path = main.cpp; sourceTree = "<group>"; };
		1F0A7BB710A7232D005E6F80 /* XMLConfigReader.cpp */ = {isa = PBXFileReference; fileEncoding = 4; lastKnownFileType = sourcecode.cpp.cpp; path = XMLConfigReader.cpp; sourceTree = "<group>"; };
		1F0A7BB810A7232D005E6F80 /* XMLConfigReader.h */ = {isa = PBXFileReference; fileEncoding = 4; lastKnownFileType = sourcecode.c.h; path = XMLConfigReader.h; sourceTree = "<group>"; };
		1F0A7BBA10A7232D005E6F80 /* CsvReader.cpp */ = {isa = PBXFileReference; fileEncoding = 4; lastKnownFileType = sourcecode.cpp.cpp; path = CsvReader.cpp; sourceTree = "<group>"; };
		1F0A7BBB10A7232D005E6F80 /* CsvReader.h */ = {isa = PBXFileReference; fileEncoding = 4; lastKnownFileType = sourcecode.c.h; path = CsvReader.h; sourceTree = "<group>"; };
		1F0A7BBD10A7232D005E6F80 /* Accumulator.cpp */ = {isa = PBXFileReference; fileEncoding = 4; lastKnownFileType = sourcecode.cpp.cpp; path = Accumulator.cpp; sourceTree = "<group>"; };
		1F0A7BBE10A7232D005E6F80 /* Accumulator.h */ = {isa = PBXFileReference; fileEncoding = 4; lastKnownFileType = sourcecode.c.h; path = Accumulator.h; sourceTree = "<group>"; };
		1F0A7BBF10A7232D005E6F80 /* AggregationColumn.cpp */ = {isa = PBXFileReference; fileEncoding = 4; lastKnownFileType = sourcecode.cpp.cpp; path = AggregationColumn.cpp; sourceTree = "<group>"; };
		1F0A7BC010A7232D005E6F80 /* AggregationColumn.h */ = {isa = PBXFileReference; fileEncoding = 4; lastKnownFileType = sourcecode.c.h; path = AggregationColumn.h; sourceTree = "<group>"; };
		1F0A7BC110A7232D005E6F80 /* OpenPivotContext.cpp */ = {isa = PBXFileReference; fileEncoding = 4; lastKnownFileType = sourcecode.cpp.cpp; path = OpenPivotContext.cpp; sourceTree = "<group>"; };
		1F0A7BC210A7232D005E6F80 /* OpenPivotContext.h */ = {isa = PBXFileReference; fileEncoding = 4; lastKnownFileType = sourcecode.c.h; path = OpenPivotContext.h; sourceTree = "<group>"; };
		1F0A7BC310A7232D005E6F80 /* PivotTable.cpp */ = {isa = PBXFileReference; fileEncoding = 4; lastKnownFileType = sourcecode.cpp.cpp; path = PivotTable.cpp; sourceTree = "<group>"; };
		1F0A7BC410A7232D005E6F80 /* PivotTable.h */ = {isa = PBXFileReference; fileEncoding = 4; lastKnownFileType = sourcecode.c.h; path = PivotTable.h; sourceTree = "<group>"; };
		1F0A7BC510A7232D005E6F80 /* Settings.cpp */ = {isa = PBXFileReference; fileEncoding = 4; lastKnownFileType = sourcecode.cpp.cpp; path = Settings.cpp; sourceTree = "<group>"; };
		1F0A7BC610A7232D005E6F80 /* Settings.h */ = {isa = PBXFileReference; fileEncoding = 4; lastKnownFileType = sourcecode.c.h; path = Settings.h; sourceTree = "<group>"; };
		1F0A7BC710A7232D005E6F80 /* Utils.cpp */ = {isa = PBXFileReference; fileEncoding = 4; lastKnownFileType = sourcecode.cpp.cpp; path = Utils.cpp; sourceTree = "<group>"; };
		1F0A7BC810A7232D005E6F80 /* Utils.h */ = {isa = PBXFileReference; fileEncoding = 4; lastKnownFileType = sourcecode.c.h; path = Utils.h; sourceTree = "<group>"; };
		1F0A7BCA10A7232D005E6F80 /* CsvWriter.cpp */ = {isa = PBXFileReference; fileEncoding = 4; lastKnownFileType = sourcecode.cpp.cpp; path = CsvWriter.cpp; sourceTree = "<group>"; };
		1F0A7BCB10A7232D005E6F80 /* CsvWriter.h */ = {isa = PBXFileReference; fileEncoding = 4; lastKnownFileType = sourcecode.c.h; path = CsvWriter.h; sourceTree = "<group>"; };
		1F8EF5B810D3C704003EC4CB /* OptionParser.h */ = {isa = PBXFileReference; fileEncoding = 4; lastKnownFileType = sourcecode.c.h; path = OptionParser.h; sourceTree = "<group>"; };
		1F8EF5B910D3C704003EC4CB /* OptionParser.cpp */ = {isa = PBXFileReference; fileEncoding = 4; lastKnownFileType = sourcecode.cpp.cpp; path = OptionParser.cpp; sourceTree = "<group>"; };
		8DD76F6C0486A84900D96B5E /* openpivot-Xcode */ = {isa = PBXFileReference; explicitFileType = "compiled.mach-o.executable"; includeInIndex = 0; path = "openpivot-Xcode"; sourceTree = BUILT_PRODUCTS_DIR; };
		C6859E8B029090EE04C91782 /* openpivot-Xcode.1 */ = {isa = PBXFileReference; lastKnownFileType = text.man; path = "openpivot-Xcode.1"; sourceTree = "<group>"; };
/* End PBXFileReference section */

/* Begin PBXFrameworksBuildPhase section */
		8DD76F660486A84900D96B5E /* Frameworks */ = {
			isa = PBXFrameworksBuildPhase;
			buildActionMask = 2147483647;
			files = (
			);
			runOnlyForDeploymentPostprocessing = 0;
		};
/* End PBXFrameworksBuildPhase section */

/* Begin PBXGroup section */
		08FB7794FE84155DC02AAC07 /* openpivot-Xcode */ = {
			isa = PBXGroup;
			children = (
				08FB7795FE84155DC02AAC07 /* Source */,
				C6859E8C029090F304C91782 /* Documentation */,
				1AB674ADFE9D54B511CA2CBB /* Products */,
			);
			name = "openpivot-Xcode";
			sourceTree = "<group>";
		};
		08FB7795FE84155DC02AAC07 /* Source */ = {
			isa = PBXGroup;
			children = (
				1F0A7BB410A7232D005E6F80 /* app */,
				1F0A7BB610A7232D005E6F80 /* frontend */,
				1F0A7BB910A7232D005E6F80 /* input */,
				1F0A7BBC10A7232D005E6F80 /* openpivotlib */,
				1F0A7BC910A7232D005E6F80 /* output */,
			);
			name = Source;
			sourceTree = "<group>";
		};
		1AB674ADFE9D54B511CA2CBB /* Products */ = {
			isa = PBXGroup;
			children = (
				8DD76F6C0486A84900D96B5E /* openpivot-Xcode */,
			);
			name = Products;
			sourceTree = "<group>";
		};
		1F0A7BB410A7232D005E6F80 /* app */ = {
			isa = PBXGroup;
			children = (
				1F0A7BB510A7232D005E6F80 /* main.cpp */,
				1F8EF5B810D3C704003EC4CB /* OptionParser.h */,
				1F8EF5B910D3C704003EC4CB /* OptionParser.cpp */,
			);
			name = app;
			path = ../src/app;
			sourceTree = SOURCE_ROOT;
		};
		1F0A7BB610A7232D005E6F80 /* frontend */ = {
			isa = PBXGroup;
			children = (
				1F0A7BB710A7232D005E6F80 /* XMLConfigReader.cpp */,
				1F0A7BB810A7232D005E6F80 /* XMLConfigReader.h */,
			);
			name = frontend;
			path = ../src/frontend;
			sourceTree = SOURCE_ROOT;
		};
		1F0A7BB910A7232D005E6F80 /* input */ = {
			isa = PBXGroup;
			children = (
				1F0A7BBA10A7232D005E6F80 /* CsvReader.cpp */,
				1F0A7BBB10A7232D005E6F80 /* CsvReader.h */,
			);
			name = input;
			path = ../src/input;
			sourceTree = SOURCE_ROOT;
		};
		1F0A7BBC10A7232D005E6F80 /* openpivotlib */ = {
			isa = PBXGroup;
			children = (
				1F0A7BBD10A7232D005E6F80 /* Accumulator.cpp */,
				1F0A7BBE10A7232D005E6F80 /* Accumulator.h */,
				1F0A7BBF10A7232D005E6F80 /* AggregationColumn.cpp */,
				1F0A7BC010A7232D005E6F80 /* AggregationColumn.h */,
				1F0A7BC110A7232D005E6F80 /* OpenPivotContext.cpp */,
				1F0A7BC210A7232D005E6F80 /* OpenPivotContext.h */,
				1F0A7BC310A7232D005E6F80 /* PivotTable.cpp */,
				1F0A7BC410A7232D005E6F80 /* PivotTable.h */,
				1F0A7BC510A7232D005E6F80 /* Settings.cpp */,
				1F0A7BC610A7232D005E6F80 /* Settings.h */,
				1F0A7BC710A7232D005E6F80 /* Utils.cpp */,
				1F0A7BC810A7232D005E6F80 /* Utils.h */,
			);
			name = openpivotlib;
			path = ../src/openpivotlib;
			sourceTree = SOURCE_ROOT;
		};
		1F0A7BC910A7232D005E6F80 /* output */ = {
			isa = PBXGroup;
			children = (
				1F0A7BCA10A7232D005E6F80 /* CsvWriter.cpp */,
				1F0A7BCB10A7232D005E6F80 /* CsvWriter.h */,
			);
			name = output;
			path = ../src/output;
			sourceTree = SOURCE_ROOT;
		};
		C6859E8C029090F304C91782 /* Documentation */ = {
			isa = PBXGroup;
			children = (
				C6859E8B029090EE04C91782 /* openpivot-Xcode.1 */,
			);
			name = Documentation;
			sourceTree = "<group>";
		};
/* End PBXGroup section */

/* Begin PBXNativeTarget section */
		8DD76F620486A84900D96B5E /* openpivot-Xcode */ = {
			isa = PBXNativeTarget;
			buildConfigurationList = 1DEB923108733DC60010E9CD /* Build configuration list for PBXNativeTarget "openpivot-Xcode" */;
			buildPhases = (
				8DD76F640486A84900D96B5E /* Sources */,
				8DD76F660486A84900D96B5E /* Frameworks */,
				8DD76F690486A84900D96B5E /* CopyFiles */,
			);
			buildRules = (
			);
			dependencies = (
			);
			name = "openpivot-Xcode";
			productInstallPath = "$(HOME)/bin";
			productName = "openpivot-Xcode";
			productReference = 8DD76F6C0486A84900D96B5E /* openpivot-Xcode */;
			productType = "com.apple.product-type.tool";
		};
/* End PBXNativeTarget section */

/* Begin PBXProject section */
		08FB7793FE84155DC02AAC07 /* Project object */ = {
			isa = PBXProject;
			attributes = {
				BuildIndependentTargetsInParallel = NO;
			};
			buildConfigurationList = 1DEB923508733DC60010E9CD /* Build configuration list for PBXProject "openpivot-Xcode" */;
			compatibilityVersion = "Xcode 3.1";
			hasScannedForEncodings = 1;
			mainGroup = 08FB7794FE84155DC02AAC07 /* openpivot-Xcode */;
			projectDirPath = "";
			projectRoot = "";
			targets = (
				8DD76F620486A84900D96B5E /* openpivot-Xcode */,
			);
		};
/* End PBXProject section */

/* Begin PBXSourcesBuildPhase section */
		8DD76F640486A84900D96B5E /* Sources */ = {
			isa = PBXSourcesBuildPhase;
			buildActionMask = 2147483647;
			files = (
				1F0A7BCC10A7232D005E6F80 /* main.cpp in Sources */,
				1F0A7BCD10A7232D005E6F80 /* XMLConfigReader.cpp in Sources */,
				1F0A7BCE10A7232D005E6F80 /* CsvReader.cpp in Sources */,
				1F0A7BCF10A7232D005E6F80 /* Accumulator.cpp in Sources */,
				1F0A7BD010A7232D005E6F80 /* AggregationColumn.cpp in Sources */,
				1F0A7BD110A7232D005E6F80 /* OpenPivotContext.cpp in Sources */,
				1F0A7BD210A7232D005E6F80 /* PivotTable.cpp in Sources */,
				1F0A7BD310A7232D005E6F80 /* Settings.cpp in Sources */,
				1F0A7BD410A7232D005E6F80 /* Utils.cpp in Sources */,
				1F0A7BD510A7232D005E6F80 /* CsvWriter.cpp in Sources */,
				1F8EF5BA10D3C704003EC4CB /* OptionParser.cpp in Sources */,
			);
			runOnlyForDeploymentPostprocessing = 0;
		};
/* End PBXSourcesBuildPhase section */

/* Begin XCBuildConfiguration section */
		1DEB923208733DC60010E9CD /* Debug */ = {
			isa = XCBuildConfiguration;
			buildSettings = {
				ALWAYS_SEARCH_USER_PATHS = YES;
				COPY_PHASE_STRIP = NO;
				GCC_DYNAMIC_NO_PIC = NO;
				GCC_ENABLE_FIX_AND_CONTINUE = YES;
				GCC_MODEL_TUNING = G5;
				GCC_OPTIMIZATION_LEVEL = 0;
				GCC_PREPROCESSOR_DEFINITIONS = (
					"_GLIBCXX_DEBUG=1",
					"_GLIBCXX_DEBUG_PEDANTIC=1",
				);
				GCC_VERSION = "";
				HEADER_SEARCH_PATHS = (
					"../../google-sparsehash-read-only/src//**",
					/Developer/SDKs/MacOSX10.6.sdk/usr/include/libxml2,
				);
				INSTALL_PATH = /usr/local/bin;
				LIBRARY_SEARCH_PATHS = "";
				PRODUCT_NAME = "openpivot-Xcode";
				USER_HEADER_SEARCH_PATHS = "../src//**";
			};
			name = Debug;
		};
		1DEB923308733DC60010E9CD /* Release */ = {
			isa = XCBuildConfiguration;
			buildSettings = {
				ALWAYS_SEARCH_USER_PATHS = NO;
				DEBUG_INFORMATION_FORMAT = "dwarf-with-dsym";
				GCC_MODEL_TUNING = G5;
				GCC_VERSION = "";
				INSTALL_PATH = /usr/local/bin;
				PRODUCT_NAME = "openpivot-Xcode";
				USER_HEADER_SEARCH_PATHS = "../src//**";
			};
			name = Release;
		};
		1DEB923608733DC60010E9CD /* Debug */ = {
			isa = XCBuildConfiguration;
			buildSettings = {
				ARCHS = "$(ARCHS_STANDARD_32_64_BIT)";
				GCC_C_LANGUAGE_STANDARD = gnu99;
				GCC_OPTIMIZATION_LEVEL = 0;
				GCC_VERSION = "";
				GCC_WARN_64_TO_32_BIT_CONVERSION = YES;
				GCC_WARN_ABOUT_MISSING_FIELD_INITIALIZERS = NO;
				GCC_WARN_ABOUT_RETURN_TYPE = YES;
				GCC_WARN_MULTIPLE_DEFINITION_TYPES_FOR_SELECTOR = NO;
				GCC_WARN_NON_VIRTUAL_DESTRUCTOR = YES;
				GCC_WARN_SHADOW = YES;
				GCC_WARN_SIGN_COMPARE = YES;
				GCC_WARN_UNUSED_VARIABLE = YES;
				HEADER_SEARCH_PATHS = (
					"../../google-sparsehash-read-only/src//**",
					/Developer/SDKs/MacOSX10.6.sdk/usr/include/libxml2,
				);
				INFOPLIST_OTHER_PREPROCESSOR_FLAGS = "-traditional";
				INFOPLIST_PREPROCESS = YES;
				KEEP_PRIVATE_EXTERNS = YES;
				ONLY_ACTIVE_ARCH = YES;
				OTHER_CPLUSPLUSFLAGS = (
					"-DHAVE_CONFIG_H",
					"$(OTHER_CFLAGS)",
				);
				OTHER_LDFLAGS = "-lxml2";
				PREBINDING = NO;
				RUN_CLANG_STATIC_ANALYZER = NO;
				SDKROOT = macosx10.6;
			};
			name = Debug;
		};
		1DEB923708733DC60010E9CD /* Release */ = {
			isa = XCBuildConfiguration;
			buildSettings = {
				ARCHS = "$(ARCHS_STANDARD_32_64_BIT)";
				GCC_C_LANGUAGE_STANDARD = gnu99;
				GCC_VERSION = "";
				GCC_WARN_64_TO_32_BIT_CONVERSION = YES;
				GCC_WARN_ABOUT_MISSING_FIELD_INITIALIZERS = NO;
				GCC_WARN_ABOUT_RETURN_TYPE = YES;
				GCC_WARN_MULTIPLE_DEFINITION_TYPES_FOR_SELECTOR = NO;
				GCC_WARN_NON_VIRTUAL_DESTRUCTOR = YES;
				GCC_WARN_SHADOW = YES;
				GCC_WARN_SIGN_COMPARE = YES;
				GCC_WARN_UNUSED_VARIABLE = YES;
				HEADER_SEARCH_PATHS = (
					/Developer/SDKs/MacOSX10.6.sdk/usr/include/libxml2,
					"../../google-sparsehash-read-only/src//**",
				);
				OTHER_CPLUSPLUSFLAGS = (
					"-DHAVE_CONFIG_H",
					"$(OTHER_CFLAGS)",
				);
				OTHER_LDFLAGS = "-lxml2";
				PREBINDING = NO;
				RUN_CLANG_STATIC_ANALYZER = NO;
				SDKROOT = macosx10.6;
			};
			name = Release;
		};
/* End XCBuildConfiguration section */

/* Begin XCConfigurationList section */
		1DEB923108733DC60010E9CD /* Build configuration list for PBXNativeTarget "openpivot-Xcode" */ = {
			isa = XCConfigurationList;
			buildConfigurations = (
				1DEB923208733DC60010E9CD /* Debug */,
				1DEB923308733DC60010E9CD /* Release */,
			);
			defaultConfigurationIsVisible = 0;
			defaultConfigurationName = Release;
		};
		1DEB923508733DC60010E9CD /* Build configuration list for PBXProject "openpivot-Xcode" */ = {
			isa = XCConfigurationList;
			buildConfigurations = (
				1DEB923608733DC60010E9CD /* Debug */,
				1DEB923708733DC60010E9CD /* Release */,
			);
			defaultConfigurationIsVisible = 0;
			defaultConfigurationName = Release;
		};
/* End XCConfigurationList section */
	};
	rootObject = 08FB7793FE84155DC02AAC07 /* Project object */;
}
